# This is a Gradle generated file for dependency locking.
# Manual edits can break the build and are not advised.
# This file is expected to be part of source control.
androidx.activity:activity:1.2.4=debugRuntimeClasspath,releaseRuntimeClasspath
androidx.annotation:annotation-experimental:1.1.0=debugRuntimeClasspath,releaseRuntimeClasspath
androidx.annotation:annotation:1.3.0=debugRuntimeClasspath,releaseRuntimeClasspath
androidx.appcompat:appcompat-resources:1.4.1=debugRuntimeClasspath,releaseRuntimeClasspath
androidx.appcompat:appcompat:1.4.1=debugRuntimeClasspath,releaseRuntimeClasspath
androidx.arch.core:core-common:2.1.0=debugRuntimeClasspath,releaseRuntimeClasspath
androidx.arch.core:core-runtime:2.1.0=debugRuntimeClasspath,releaseRuntimeClasspath
androidx.collection:collection:1.1.0=debugRuntimeClasspath,releaseRuntimeClasspath
androidx.concurrent:concurrent-futures:1.0.0=debugRuntimeClasspath,releaseRuntimeClasspath
androidx.core:core:1.7.0=debugRuntimeClasspath,releaseRuntimeClasspath
androidx.cursoradapter:cursoradapter:1.0.0=debugRuntimeClasspath,releaseRuntimeClasspath
androidx.customview:customview:1.0.0=debugRuntimeClasspath,releaseRuntimeClasspath
androidx.drawerlayout:drawerlayout:1.0.0=debugRuntimeClasspath,releaseRuntimeClasspath
androidx.emoji2:emoji2-views-helper:1.0.0=debugRuntimeClasspath,releaseRuntimeClasspath
androidx.emoji2:emoji2:1.0.0=debugRuntimeClasspath,releaseRuntimeClasspath
androidx.fragment:fragment:1.3.6=debugRuntimeClasspath,releaseRuntimeClasspath
androidx.interpolator:interpolator:1.0.0=debugRuntimeClasspath,releaseRuntimeClasspath
androidx.lifecycle:lifecycle-common:2.4.0=debugRuntimeClasspath,releaseRuntimeClasspath
androidx.lifecycle:lifecycle-livedata-core:2.3.1=debugRuntimeClasspath,releaseRuntimeClasspath
androidx.lifecycle:lifecycle-livedata:2.0.0=debugRuntimeClasspath,releaseRuntimeClasspath
androidx.lifecycle:lifecycle-process:2.4.0=debugRuntimeClasspath,releaseRuntimeClasspath
androidx.lifecycle:lifecycle-runtime:2.4.0=debugRuntimeClasspath,releaseRuntimeClasspath
androidx.lifecycle:lifecycle-viewmodel-savedstate:2.3.1=debugRuntimeClasspath,releaseRuntimeClasspath
androidx.lifecycle:lifecycle-viewmodel:2.3.1=debugRuntimeClasspath,releaseRuntimeClasspath
androidx.loader:loader:1.0.0=debugRuntimeClasspath,releaseRuntimeClasspath
androidx.resourceinspection:resourceinspection-annotation:1.0.0=debugRuntimeClasspath,releaseRuntimeClasspath
androidx.savedstate:savedstate:1.1.0=debugRuntimeClasspath,releaseRuntimeClasspath
androidx.startup:startup-runtime:1.0.0=debugRuntimeClasspath,releaseRuntimeClasspath
androidx.tracing:tracing:1.0.0=debugRuntimeClasspath,releaseRuntimeClasspath
androidx.vectordrawable:vectordrawable-animated:1.1.0=debugRuntimeClasspath,releaseRuntimeClasspath
androidx.vectordrawable:vectordrawable:1.1.0=debugRuntimeClasspath,releaseRuntimeClasspath
androidx.versionedparcelable:versionedparcelable:1.1.1=debugRuntimeClasspath,releaseRuntimeClasspath
androidx.viewpager:viewpager:1.0.0=debugRuntimeClasspath,releaseRuntimeClasspath
com.google.guava:listenablefuture:1.0=debugRuntimeClasspath,releaseRuntimeClasspath
org.jacoco:org.jacoco.agent:0.8.8=debugRuntimeClasspath
org.jetbrains.kotlin:kotlin-stdlib-common:1.6.21=debugRuntimeClasspath,releaseRuntimeClasspath
org.jetbrains.kotlin:kotlin-stdlib-jdk7:1.6.0=debugRuntimeClasspath,releaseRuntimeClasspath
org.jetbrains.kotlin:kotlin-stdlib-jdk8:1.6.0=debugRuntimeClasspath,releaseRuntimeClasspath
org.jetbrains.kotlin:kotlin-stdlib:1.6.21=debugRuntimeClasspath,releaseRuntimeClasspath
org.jetbrains.kotlinx:kotlinx-coroutines-android:1.6.1=debugRuntimeClasspath,releaseRuntimeClasspath
org.jetbrains.kotlinx:kotlinx-coroutines-bom:1.6.1=debugRuntimeClasspath,releaseRuntimeClasspath
org.jetbrains.kotlinx:kotlinx-coroutines-core-jvm:1.6.1=debugRuntimeClasspath,releaseRuntimeClasspath
org.jetbrains.kotlinx:kotlinx-coroutines-core:1.6.1=debugRuntimeClasspath,releaseRuntimeClasspath
org.jetbrains:annotations:13.0=debugRuntimeClasspath,releaseRuntimeClasspath
empty=
