# This is a Gradle generated file for dependency locking.
# Manual edits can break the build and are not advised.
# This file is expected to be part of source control.
androidx.activity:activity-compose:1.6.1=debugRuntimeClasspath,releaseRuntimeClasspath
androidx.activity:activity-ktx:1.6.1=debugRuntimeClasspath,releaseRuntimeClasspath
androidx.activity:activity:1.6.1=debugRuntimeClasspath,releaseRuntimeClasspath
androidx.annotation:annotation-experimental:1.3.0=debugRuntimeClasspath,releaseRuntimeClasspath
androidx.annotation:annotation:1.5.0=debugRuntimeClasspath,releaseRuntimeClasspath
androidx.appcompat:appcompat-resources:1.5.1=debugRuntimeClasspath,releaseRuntimeClasspath
androidx.appcompat:appcompat:1.5.1=debugRuntimeClasspath,releaseRuntimeClasspath
androidx.arch.core:core-common:2.1.0=debugRuntimeClasspath,releaseRuntimeClasspath
androidx.arch.core:core-runtime:2.1.0=debugRuntimeClasspath,releaseRuntimeClasspath
androidx.autofill:autofill:1.0.0=debugRuntimeClasspath,releaseRuntimeClasspath
androidx.cardview:cardview:1.0.0=debugRuntimeClasspath,releaseRuntimeClasspath
androidx.collection:collection-ktx:1.1.0=debugRuntimeClasspath,releaseRuntimeClasspath
androidx.collection:collection:1.1.0=debugRuntimeClasspath,releaseRuntimeClasspath
androidx.compose.animation:animation-core:1.3.0=debugRuntimeClasspath,releaseRuntimeClasspath
androidx.compose.animation:animation:1.3.0=debugRuntimeClasspath,releaseRuntimeClasspath
androidx.compose.foundation:foundation-layout:1.2.0=debugRuntimeClasspath,releaseRuntimeClasspath
androidx.compose.foundation:foundation:1.2.0=debugRuntimeClasspath,releaseRuntimeClasspath
androidx.compose.material:material-icons-core:1.3.0=debugRuntimeClasspath,releaseRuntimeClasspath
androidx.compose.material:material-icons-extended:1.3.0=debugRuntimeClasspath,releaseRuntimeClasspath
androidx.compose.material:material-ripple:1.3.0=debugRuntimeClasspath,releaseRuntimeClasspath
androidx.compose.material:material:1.3.0=debugRuntimeClasspath,releaseRuntimeClasspath
androidx.compose.runtime:runtime-saveable:1.3.0=debugRuntimeClasspath,releaseRuntimeClasspath
androidx.compose.runtime:runtime:1.3.0=debugRuntimeClasspath,releaseRuntimeClasspath
androidx.compose.ui:ui-geometry:1.3.0=debugRuntimeClasspath,releaseRuntimeClasspath
androidx.compose.ui:ui-graphics:1.3.0=debugRuntimeClasspath,releaseRuntimeClasspath
androidx.compose.ui:ui-text:1.3.0=debugRuntimeClasspath,releaseRuntimeClasspath
androidx.compose.ui:ui-tooling-data:1.3.0=debugRuntimeClasspath
androidx.compose.ui:ui-tooling-preview:1.3.0=debugRuntimeClasspath,releaseRuntimeClasspath
androidx.compose.ui:ui-tooling:1.3.0=debugRuntimeClasspath
androidx.compose.ui:ui-unit:1.3.0=debugRuntimeClasspath,releaseRuntimeClasspath
androidx.compose.ui:ui-util:1.3.0=debugRuntimeClasspath,releaseRuntimeClasspath
androidx.compose.ui:ui:1.3.0=debugRuntimeClasspath,releaseRuntimeClasspath
androidx.concurrent:concurrent-futures:1.0.0=debugRuntimeClasspath,releaseRuntimeClasspath
androidx.constraintlayout:constraintlayout-solver:2.0.1=debugRuntimeClasspath,releaseRuntimeClasspath
androidx.constraintlayout:constraintlayout:2.0.1=debugRuntimeClasspath,releaseRuntimeClasspath
androidx.coordinatorlayout:coordinatorlayout:1.1.0=debugRuntimeClasspath,releaseRuntimeClasspath
androidx.core:core-ktx:1.9.0=debugRuntimeClasspath,releaseRuntimeClasspath
androidx.core:core:1.9.0=debugRuntimeClasspath,releaseRuntimeClasspath
androidx.cursoradapter:cursoradapter:1.0.0=debugRuntimeClasspath,releaseRuntimeClasspath
androidx.customview:customview-poolingcontainer:1.0.0=debugRuntimeClasspath,releaseRuntimeClasspath
androidx.customview:customview:1.1.0=debugRuntimeClasspath,releaseRuntimeClasspath
androidx.datastore:datastore-core:1.0.0=debugRuntimeClasspath,releaseRuntimeClasspath
androidx.datastore:datastore-preferences-core:1.0.0=debugRuntimeClasspath,releaseRuntimeClasspath
androidx.datastore:datastore-preferences:1.0.0=debugRuntimeClasspath,releaseRuntimeClasspath
androidx.datastore:datastore:1.0.0=debugRuntimeClasspath,releaseRuntimeClasspath
androidx.documentfile:documentfile:1.0.0=debugRuntimeClasspath,releaseRuntimeClasspath
androidx.drawerlayout:drawerlayout:1.1.1=debugRuntimeClasspath,releaseRuntimeClasspath
androidx.dynamicanimation:dynamicanimation:1.0.0=debugRuntimeClasspath,releaseRuntimeClasspath
androidx.emoji2:emoji2-views-helper:1.2.0=debugRuntimeClasspath,releaseRuntimeClasspath
androidx.emoji2:emoji2:1.2.0=debugRuntimeClasspath,releaseRuntimeClasspath
androidx.fragment:fragment-ktx:1.5.4=debugRuntimeClasspath,releaseRuntimeClasspath
androidx.fragment:fragment:1.5.4=debugRuntimeClasspath,releaseRuntimeClasspath
androidx.interpolator:interpolator:1.0.0=debugRuntimeClasspath,releaseRuntimeClasspath
androidx.legacy:legacy-support-core-utils:1.0.0=debugRuntimeClasspath,releaseRuntimeClasspath
androidx.lifecycle:lifecycle-common-java8:2.5.1=debugRuntimeClasspath,releaseRuntimeClasspath
androidx.lifecycle:lifecycle-common:2.5.1=debugRuntimeClasspath,releaseRuntimeClasspath
androidx.lifecycle:lifecycle-livedata-core-ktx:2.5.1=debugRuntimeClasspath,releaseRuntimeClasspath
androidx.lifecycle:lifecycle-livedata-core:2.5.1=debugRuntimeClasspath,releaseRuntimeClasspath
androidx.lifecycle:lifecycle-livedata:2.0.0=debugRuntimeClasspath,releaseRuntimeClasspath
androidx.lifecycle:lifecycle-process:2.4.1=debugRuntimeClasspath,releaseRuntimeClasspath
androidx.lifecycle:lifecycle-runtime-ktx:2.5.1=debugRuntimeClasspath,releaseRuntimeClasspath
androidx.lifecycle:lifecycle-runtime:2.5.1=debugRuntimeClasspath,releaseRuntimeClasspath
androidx.lifecycle:lifecycle-viewmodel-compose:2.5.1=debugRuntimeClasspath,releaseRuntimeClasspath
androidx.lifecycle:lifecycle-viewmodel-ktx:2.5.1=debugRuntimeClasspath,releaseRuntimeClasspath
androidx.lifecycle:lifecycle-viewmodel-savedstate:2.5.1=debugRuntimeClasspath,releaseRuntimeClasspath
androidx.lifecycle:lifecycle-viewmodel:2.5.1=debugRuntimeClasspath,releaseRuntimeClasspath
androidx.loader:loader:1.0.0=debugRuntimeClasspath,releaseRuntimeClasspath
androidx.localbroadcastmanager:localbroadcastmanager:1.0.0=debugRuntimeClasspath,releaseRuntimeClasspath
androidx.navigation:navigation-common-ktx:2.5.3=debugRuntimeClasspath,releaseRuntimeClasspath
androidx.navigation:navigation-common:2.5.3=debugRuntimeClasspath,releaseRuntimeClasspath
androidx.navigation:navigation-compose:2.5.3=debugRuntimeClasspath,releaseRuntimeClasspath
androidx.navigation:navigation-fragment:2.5.3=debugRuntimeClasspath,releaseRuntimeClasspath
androidx.navigation:navigation-runtime-ktx:2.5.3=debugRuntimeClasspath,releaseRuntimeClasspath
androidx.navigation:navigation-runtime:2.5.3=debugRuntimeClasspath,releaseRuntimeClasspath
androidx.navigation:navigation-ui:2.5.3=debugRuntimeClasspath,releaseRuntimeClasspath
androidx.print:print:1.0.0=debugRuntimeClasspath,releaseRuntimeClasspath
androidx.profileinstaller:profileinstaller:1.2.0=debugRuntimeClasspath,releaseRuntimeClasspath
androidx.recyclerview:recyclerview:1.1.0=debugRuntimeClasspath,releaseRuntimeClasspath
androidx.resourceinspection:resourceinspection-annotation:1.0.1=debugRuntimeClasspath,releaseRuntimeClasspath
androidx.savedstate:savedstate-ktx:1.2.0=debugRuntimeClasspath,releaseRuntimeClasspath
androidx.savedstate:savedstate:1.2.0=debugRuntimeClasspath,releaseRuntimeClasspath
androidx.slidingpanelayout:slidingpanelayout:1.2.0=debugRuntimeClasspath,releaseRuntimeClasspath
androidx.startup:startup-runtime:1.1.1=debugRuntimeClasspath,releaseRuntimeClasspath
androidx.tracing:tracing:1.0.0=debugRuntimeClasspath,releaseRuntimeClasspath
androidx.transition:transition:1.4.1=debugRuntimeClasspath,releaseRuntimeClasspath
androidx.vectordrawable:vectordrawable-animated:1.1.0=debugRuntimeClasspath,releaseRuntimeClasspath
androidx.vectordrawable:vectordrawable:1.1.0=debugRuntimeClasspath,releaseRuntimeClasspath
androidx.versionedparcelable:versionedparcelable:1.1.1=debugRuntimeClasspath,releaseRuntimeClasspath
androidx.viewpager2:viewpager2:1.0.0=debugRuntimeClasspath,releaseRuntimeClasspath
androidx.viewpager:viewpager:1.0.0=debugRuntimeClasspath,releaseRuntimeClasspath
androidx.window:window:1.0.0=debugRuntimeClasspath,releaseRuntimeClasspath
com.google.android.material:material:1.4.0-beta01=debugRuntimeClasspath,releaseRuntimeClasspath
com.google.code.findbugs:jsr305:3.0.2=debugRuntimeClasspath,releaseRuntimeClasspath
com.google.dagger:dagger-lint-aar:2.44.1=debugRuntimeClasspath,releaseRuntimeClasspath
com.google.dagger:dagger:2.44.1=debugRuntimeClasspath,releaseRuntimeClasspath
com.google.dagger:hilt-android:2.44.1=debugRuntimeClasspath,releaseRuntimeClasspath
com.google.dagger:hilt-core:2.44.1=debugRuntimeClasspath,releaseRuntimeClasspath
com.google.guava:listenablefuture:1.0=debugRuntimeClasspath,releaseRuntimeClasspath
javax.inject:javax.inject:1=debugRuntimeClasspath,releaseRuntimeClasspath
org.jacoco:org.jacoco.agent:0.8.8=debugRuntimeClasspath
org.jetbrains.kotlin:kotlin-stdlib-common:1.7.10=debugRuntimeClasspath,releaseRuntimeClasspath
org.jetbrains.kotlin:kotlin-stdlib-jdk7:1.6.21=debugRuntimeClasspath,releaseRuntimeClasspath
org.jetbrains.kotlin:kotlin-stdlib-jdk8:1.6.21=debugRuntimeClasspath,releaseRuntimeClasspath
org.jetbrains.kotlin:kotlin-stdlib:1.7.10=debugRuntimeClasspath,releaseRuntimeClasspath
org.jetbrains.kotlinx:kotlinx-coroutines-android:1.6.4=debugRuntimeClasspath,releaseRuntimeClasspath
org.jetbrains.kotlinx:kotlinx-coroutines-bom:1.6.4=debugRuntimeClasspath,releaseRuntimeClasspath
org.jetbrains.kotlinx:kotlinx-coroutines-core-jvm:1.6.4=debugRuntimeClasspath,releaseRuntimeClasspath
org.jetbrains.kotlinx:kotlinx-coroutines-core:1.6.4=debugRuntimeClasspath,releaseRuntimeClasspath
org.jetbrains:annotations:13.0=debugRuntimeClasspath,releaseRuntimeClasspath
empty=
