# This is a Gradle generated file for dependency locking.
# Manual edits can break the build and are not advised.
# This file is expected to be part of source control.
androidx.annotation:annotation-jvm:1.8.2=debugRuntimeClasspath,releaseRuntimeClasspath
androidx.annotation:annotation:1.8.2=debugRuntimeClasspath,releaseRuntimeClasspath
net.bytebuddy:byte-buddy-agent:1.15.0=debugRuntimeClasspath,releaseRuntimeClasspath
net.bytebuddy:byte-buddy:1.15.0=debugRuntimeClasspath,releaseRuntimeClasspath
org.jetbrains.kotlin:kotlin-stdlib:2.0.20=debugRuntimeClasspath,releaseRuntimeClasspath
org.jetbrains.kotlinx:kotlinx-coroutines-android:1.9.0=debugRuntimeClasspath,releaseRuntimeClasspath
org.jetbrains.kotlinx:kotlinx-coroutines-bom:1.9.0=debugRuntimeClasspath,releaseRuntimeClasspath
org.jetbrains.kotlinx:kotlinx-coroutines-core-jvm:1.9.0=debugRuntimeClasspath,releaseRuntimeClasspath
org.jetbrains.kotlinx:kotlinx-coroutines-core:1.9.0=debugRuntimeClasspath,releaseRuntimeClasspath
org.jetbrains.kotlinx:kotlinx-coroutines-test-jvm:1.9.0=debugRuntimeClasspath,releaseRuntimeClasspath
org.jetbrains.kotlinx:kotlinx-coroutines-test:1.9.0=debugRuntimeClasspath,releaseRuntimeClasspath
org.jetbrains:annotations:23.0.0=debugRuntimeClasspath,releaseRuntimeClasspath
org.mockito:mockito-core:5.13.0=debugRuntimeClasspath,releaseRuntimeClasspath
org.objenesis:objenesis:3.3=debugRuntimeClasspath,releaseRuntimeClasspath
empty=
